// !$*UTF8*$!
{
	archiveVersion = 1;
	classes = {
	};
	objectVersion = 77;
	objects = {

/* Begin PBXBuildFile section */
		4FAF60722DB191EB003DE932 /* FirebaseAuth in Frameworks */ = {isa = PBXBuildFile; productRef = 4FAF60712DB191EB003DE932 /* FirebaseAuth */; };
		4FAF60742DB191EB003DE932 /* FirebaseFirestore in Frameworks */ = {isa = PBXBuildFile; productRef = 4FAF60732DB191EB003DE932 /* FirebaseFirestore */; };
		4FAF60762DB191EB003DE932 /* FirebaseStorage in Frameworks */ = {isa = PBXBuildFile; productRef = 4FAF60752DB191EB003DE932 /* FirebaseStorage */; };
/* End PBXBuildFile section */

/* Begin PBXContainerItemProxy section */
		4FAF60542DB1918A003DE932 /* PBXContainerItemProxy */ = {
			isa = PBXContainerItemProxy;
			containerPortal = 4FAF603A2DB19187003DE932 /* Project object */;
			proxyType = 1;
			remoteGlobalIDString = 4FAF60412DB19187003DE932;
			remoteInfo = "Campus Dining App";
		};
		4FAF605E2DB1918A003DE932 /* PBXContainerItemProxy */ = {
			isa = PBXContainerItemProxy;
			containerPortal = 4FAF603A2DB19187003DE932 /* Project object */;
			proxyType = 1;
			remoteGlobalIDString = 4FAF60412DB19187003DE932;
			remoteInfo = "Campus Dining App";
		};
/* End PBXContainerItemProxy section */

/* Begin PBXFileReference section */
		4FAF60422DB19187003DE932 /* Campus Dining App.app */ = {isa = PBXFileReference; explicitFileType = wrapper.application; includeInIndex = 0; path = "Campus Dining App.app"; sourceTree = BUILT_PRODUCTS_DIR; };
		4FAF60532DB1918A003DE932 /* Campus Dining AppTests.xctest */ = {isa = PBXFileReference; explicitFileType = wrapper.cfbundle; includeInIndex = 0; path = "Campus Dining AppTests.xctest"; sourceTree = BUILT_PRODUCTS_DIR; };
		4FAF605D2DB1918A003DE932 /* Campus Dining AppUITests.xctest */ = {isa = PBXFileReference; explicitFileType = wrapper.cfbundle; includeInIndex = 0; path = "Campus Dining AppUITests.xctest"; sourceTree = BUILT_PRODUCTS_DIR; };
/* End PBXFileReference section */

/* Begin PBXFileSystemSynchronizedRootGroup section */
		4FAF60442DB19187003DE932 /* Campus Dining App */ = {
			isa = PBXFileSystemSynchronizedRootGroup;
			path = "Campus Dining App";
			sourceTree = "<group>";
		};
		4FAF60562DB1918A003DE932 /* Campus Dining AppTests */ = {
			isa = PBXFileSystemSynchronizedRootGroup;
			path = "Campus Dining AppTests";
			sourceTree = "<group>";
		};
		4FAF60602DB1918A003DE932 /* Campus Dining AppUITests */ = {
			isa = PBXFileSystemSynchronizedRootGroup;
			path = "Campus Dining AppUITests";
			sourceTree = "<group>";
		};
/* End PBXFileSystemSynchronizedRootGroup section */

/* Begin PBXFrameworksBuildPhase section */
		4FAF603F2DB19187003DE932 /* Frameworks */ = {
			isa = PBXFrameworksBuildPhase;
			buildActionMask = 2147483647;
			files = (
				4FAF60722DB191EB003DE932 /* FirebaseAuth in Frameworks */,
				4FAF60742DB191EB003DE932 /* FirebaseFirestore in Frameworks */,
				4FAF60762DB191EB003DE932 /* FirebaseStorage in Frameworks */,
			);
			runOnlyForDeploymentPostprocessing = 0;
		};
		4FAF60502DB1918A003DE932 /* Frameworks */ = {
			isa = PBXFrameworksBuildPhase;
			buildActionMask = 2147483647;
			files = (
			);
			runOnlyForDeploymentPostprocessing = 0;
		};
		4FAF605A2DB1918A003DE932 /* Frameworks */ = {
			isa = PBXFrameworksBuildPhase;
			buildActionMask = 2147483647;
			files = (
			);
			runOnlyForDeploymentPostprocessing = 0;
		};
/* End PBXFrameworksBuildPhase section */

/* Begin PBXGroup section */
		4FAF60392DB19187003DE932 = {
			isa = PBXGroup;
			children = (
				4FAF60442DB19187003DE932 /* Campus Dining App */,
				4FAF60562DB1918A003DE932 /* Campus Dining AppTests */,
				4FAF60602DB1918A003DE932 /* Campus Dining AppUITests */,
				4FAF60432DB19187003DE932 /* Products */,
			);
			sourceTree = "<group>";
		};
		4FAF60432DB19187003DE932 /* Products */ = {
			isa = PBXGroup;
			children = (
				4FAF60422DB19187003DE932 /* Campus Dining App.app */,
				4FAF60532DB1918A003DE932 /* Campus Dining AppTests.xctest */,
				4FAF605D2DB1918A003DE932 /* Campus Dining AppUITests.xctest */,
			);
			name = Products;
			sourceTree = "<group>";
		};
/* End PBXGroup section */

/* Begin PBXNativeTarget section */
		4FAF60412DB19187003DE932 /* Campus Dining App */ = {
			isa = PBXNativeTarget;
			buildConfigurationList = 4FAF60672DB1918A003DE932 /* Build configuration list for PBXNativeTarget "Campus Dining App" */;
			buildPhases = (
				4FAF603E2DB19187003DE932 /* Sources */,
				4FAF603F2DB19187003DE932 /* Frameworks */,
				4FAF60402DB19187003DE932 /* Resources */,
			);
			buildRules = (
			);
			dependencies = (
			);
			fileSystemSynchronizedGroups = (
				4FAF60442DB19187003DE932 /* Campus Dining App */,
			);
			name = "Campus Dining App";
			packageProductDependencies = (
				4FAF60712DB191EB003DE932 /* FirebaseAuth */,
				4FAF60732DB191EB003DE932 /* FirebaseFirestore */,
				4FAF60752DB191EB003DE932 /* FirebaseStorage */,
			);
			productName = "Campus Dining App";
			productReference = 4FAF60422DB19187003DE932 /* Campus Dining App.app */;
			productType = "com.apple.product-type.application";
		};
		4FAF60522DB1918A003DE932 /* Campus Dining AppTests */ = {
			isa = PBXNativeTarget;
			buildConfigurationList = 4FAF606A2DB1918A003DE932 /* Build configuration list for PBXNativeTarget "Campus Dining AppTests" */;
			buildPhases = (
				4FAF604F2DB1918A003DE932 /* Sources */,
				4FAF60502DB1918A003DE932 /* Frameworks */,
				4FAF60512DB1918A003DE932 /* Resources */,
			);
			buildRules = (
			);
			dependencies = (
				4FAF60552DB1918A003DE932 /* PBXTargetDependency */,
			);
			fileSystemSynchronizedGroups = (
				4FAF60562DB1918A003DE932 /* Campus Dining AppTests */,
			);
			name = "Campus Dining AppTests";
			packageProductDependencies = (
			);
			productName = "Campus Dining AppTests";
			productReference = 4FAF60532DB1918A003DE932 /* Campus Dining AppTests.xctest */;
			productType = "com.apple.product-type.bundle.unit-test";
		};
		4FAF605C2DB1918A003DE932 /* Campus Dining AppUITests */ = {
			isa = PBXNativeTarget;
			buildConfigurationList = 4FAF606D2DB1918A003DE932 /* Build configuration list for PBXNativeTarget "Campus Dining AppUITests" */;
			buildPhases = (
				4FAF60592DB1918A003DE932 /* Sources */,
				4FAF605A2DB1918A003DE932 /* Frameworks */,
				4FAF605B2DB1918A003DE932 /* Resources */,
			);
			buildRules = (
			);
			dependencies = (
				4FAF605F2DB1918A003DE932 /* PBXTargetDependency */,
			);
			fileSystemSynchronizedGroups = (
				4FAF60602DB1918A003DE932 /* Campus Dining AppUITests */,
			);
			name = "Campus Dining AppUITests";
			packageProductDependencies = (
			);
			productName = "Campus Dining AppUITests";
			productReference = 4FAF605D2DB1918A003DE932 /* Campus Dining AppUITests.xctest */;
			productType = "com.apple.product-type.bundle.ui-testing";
		};
/* End PBXNativeTarget section */

/* Begin PBXProject section */
		4FAF603A2DB19187003DE932 /* Project object */ = {
			isa = PBXProject;
			attributes = {
				BuildIndependentTargetsInParallel = 1;
				LastSwiftUpdateCheck = 1620;
				LastUpgradeCheck = 1620;
				TargetAttributes = {
					4FAF60412DB19187003DE932 = {
						CreatedOnToolsVersion = 16.2;
					};
					4FAF60522DB1918A003DE932 = {
						CreatedOnToolsVersion = 16.2;
						TestTargetID = 4FAF60412DB19187003DE932;
					};
					4FAF605C2DB1918A003DE932 = {
						CreatedOnToolsVersion = 16.2;
						TestTargetID = 4FAF60412DB19187003DE932;
					};
				};
			};
			buildConfigurationList = 4FAF603D2DB19187003DE932 /* Build configuration list for PBXProject "Campus Dining App" */;
			developmentRegion = en;
			hasScannedForEncodings = 0;
			knownRegions = (
				en,
				Base,
			);
			mainGroup = 4FAF60392DB19187003DE932;
			minimizedProjectReferenceProxies = 1;
			packageReferences = (
				4FAF60702DB191EB003DE932 /* XCRemoteSwiftPackageReference "firebase-ios-sdk" */,
			);
			preferredProjectObjectVersion = 77;
			productRefGroup = 4FAF60432DB19187003DE932 /* Products */;
			projectDirPath = "";
			projectRoot = "";
			targets = (
				4FAF60412DB19187003DE932 /* Campus Dining App */,
				4FAF60522DB1918A003DE932 /* Campus Dining AppTests */,
				4FAF605C2DB1918A003DE932 /* Campus Dining AppUITests */,
			);
		};
/* End PBXProject section */

/* Begin PBXResourcesBuildPhase section */
		4FAF60402DB19187003DE932 /* Resources */ = {
			isa = PBXResourcesBuildPhase;
			buildActionMask = 2147483647;
			files = (
			);
			runOnlyForDeploymentPostprocessing = 0;
		};
		4FAF60512DB1918A003DE932 /* Resources */ = {
			isa = PBXResourcesBuildPhase;
			buildActionMask = 2147483647;
			files = (
			);
			runOnlyForDeploymentPostprocessing = 0;
		};
		4FAF605B2DB1918A003DE932 /* Resources */ = {
			isa = PBXResourcesBuildPhase;
			buildActionMask = 2147483647;
			files = (
			);
			runOnlyForDeploymentPostprocessing = 0;
		};
/* End PBXResourcesBuildPhase section */

/* Begin PBXSourcesBuildPhase section */
		4FAF603E2DB19187003DE932 /* Sources */ = {
			isa = PBXSourcesBuildPhase;
			buildActionMask = 2147483647;
			files = (
			);
			runOnlyForDeploymentPostprocessing = 0;
		};
		4FAF604F2DB1918A003DE932 /* Sources */ = {
			isa = PBXSourcesBuildPhase;
			buildActionMask = 2147483647;
			files = (
			);
			runOnlyForDeploymentPostprocessing = 0;
		};
		4FAF60592DB1918A003DE932 /* Sources */ = {
			isa = PBXSourcesBuildPhase;
			buildActionMask = 2147483647;
			files = (
			);
			runOnlyForDeploymentPostprocessing = 0;
		};
/* End PBXSourcesBuildPhase section */

/* Begin PBXTargetDependency section */
		4FAF60552DB1918A003DE932 /* PBXTargetDependency */ = {
			isa = PBXTargetDependency;
			target = 4FAF60412DB19187003DE932 /* Campus Dining App */;
			targetProxy = 4FAF60542DB1918A003DE932 /* PBXContainerItemProxy */;
		};
		4FAF605F2DB1918A003DE932 /* PBXTargetDependency */ = {
			isa = PBXTargetDependency;
			target = 4FAF60412DB19187003DE932 /* Campus Dining App */;
			targetProxy = 4FAF605E2DB1918A003DE932 /* PBXContainerItemProxy */;
		};
/* End PBXTargetDependency section */

/* Begin XCBuildConfiguration section */
		4FAF60652DB1918A003DE932 /* Debug */ = {
			isa = XCBuildConfiguration;
			buildSettings = {
				ALWAYS_SEARCH_USER_PATHS = NO;
				ASSETCATALOG_COMPILER_GENERATE_SWIFT_ASSET_SYMBOL_EXTENSIONS = YES;
				CLANG_ANALYZER_NONNULL = YES;
				CLANG_ANALYZER_NUMBER_OBJECT_CONVERSION = YES_AGGRESSIVE;
				CLANG_CXX_LANGUAGE_STANDARD = "gnu++20";
				CLANG_ENABLE_MODULES = YES;
				CLANG_ENABLE_OBJC_ARC = YES;
				CLANG_ENABLE_OBJC_WEAK = YES;
				CLANG_WARN_BLOCK_CAPTURE_AUTORELEASING = YES;
				CLANG_WARN_BOOL_CONVERSION = YES;
				CLANG_WARN_COMMA = YES;
				CLANG_WARN_CONSTANT_CONVERSION = YES;
				CLANG_WARN_DEPRECATED_OBJC_IMPLEMENTATIONS = YES;
				CLANG_WARN_DIRECT_OBJC_ISA_USAGE = YES_ERROR;
				CLANG_WARN_DOCUMENTATION_COMMENTS = YES;
				CLANG_WARN_EMPTY_BODY = YES;
				CLANG_WARN_ENUM_CONVERSION = YES;
				CLANG_WARN_INFINITE_RECURSION = YES;
				CLANG_WARN_INT_CONVERSION = YES;
				CLANG_WARN_NON_LITERAL_NULL_CONVERSION = YES;
				CLANG_WARN_OBJC_IMPLICIT_RETAIN_SELF = YES;
				CLANG_WARN_OBJC_LITERAL_CONVERSION = YES;
				CLANG_WARN_OBJC_ROOT_CLASS = YES_ERROR;
				CLANG_WARN_QUOTED_INCLUDE_IN_FRAMEWORK_HEADER = YES;
				CLANG_WARN_RANGE_LOOP_ANALYSIS = YES;
				CLANG_WARN_STRICT_PROTOTYPES = YES;
				CLANG_WARN_SUSPICIOUS_MOVE = YES;
				CLANG_WARN_UNGUARDED_AVAILABILITY = YES_AGGRESSIVE;
				CLANG_WARN_UNREACHABLE_CODE = YES;
				CLANG_WARN__DUPLICATE_METHOD_MATCH = YES;
				COPY_PHASE_STRIP = NO;
				DEBUG_INFORMATION_FORMAT = dwarf;
				ENABLE_STRICT_OBJC_MSGSEND = YES;
				ENABLE_TESTABILITY = YES;
				ENABLE_USER_SCRIPT_SANDBOXING = YES;
				GCC_C_LANGUAGE_STANDARD = gnu17;
				GCC_DYNAMIC_NO_PIC = NO;
				GCC_NO_COMMON_BLOCKS = YES;
				GCC_OPTIMIZATION_LEVEL = 0;
				GCC_PREPROCESSOR_DEFINITIONS = (
					"DEBUG=1",
					"$(inherited)",
				);
				GCC_WARN_64_TO_32_BIT_CONVERSION = YES;
				GCC_WARN_ABOUT_RETURN_TYPE = YES_ERROR;
				GCC_WARN_UNDECLARED_SELECTOR = YES;
				GCC_WARN_UNINITIALIZED_AUTOS = YES_AGGRESSIVE;
				GCC_WARN_UNUSED_FUNCTION = YES;
				GCC_WARN_UNUSED_VARIABLE = YES;
				LOCALIZATION_PREFERS_STRING_CATALOGS = YES;
				MTL_ENABLE_DEBUG_INFO = INCLUDE_SOURCE;
				MTL_FAST_MATH = YES;
				ONLY_ACTIVE_ARCH = YES;
				SWIFT_ACTIVE_COMPILATION_CONDITIONS = "DEBUG $(inherited)";
				SWIFT_OPTIMIZATION_LEVEL = "-Onone";
			};
			name = Debug;
		};
		4FAF60662DB1918A003DE932 /* Release */ = {
			isa = XCBuildConfiguration;
			buildSettings = {
				ALWAYS_SEARCH_USER_PATHS = NO;
				ASSETCATALOG_COMPILER_GENERATE_SWIFT_ASSET_SYMBOL_EXTENSIONS = YES;
				CLANG_ANALYZER_NONNULL = YES;
				CLANG_ANALYZER_NUMBER_OBJECT_CONVERSION = YES_AGGRESSIVE;
				CLANG_CXX_LANGUAGE_STANDARD = "gnu++20";
				CLANG_ENABLE_MODULES = YES;
				CLANG_ENABLE_OBJC_ARC = YES;
				CLANG_ENABLE_OBJC_WEAK = YES;
				CLANG_WARN_BLOCK_CAPTURE_AUTORELEASING = YES;
				CLANG_WARN_BOOL_CONVERSION = YES;
				CLANG_WARN_COMMA = YES;
				CLANG_WARN_CONSTANT_CONVERSION = YES;
				CLANG_WARN_DEPRECATED_OBJC_IMPLEMENTATIONS = YES;
				CLANG_WARN_DIRECT_OBJC_ISA_USAGE = YES_ERROR;
				CLANG_WARN_DOCUMENTATION_COMMENTS = YES;
				CLANG_WARN_EMPTY_BODY = YES;
				CLANG_WARN_ENUM_CONVERSION = YES;
				CLANG_WARN_INFINITE_RECURSION = YES;
				CLANG_WARN_INT_CONVERSION = YES;
				CLANG_WARN_NON_LITERAL_NULL_CONVERSION = YES;
				CLANG_WARN_OBJC_IMPLICIT_RETAIN_SELF = YES;
				CLANG_WARN_OBJC_LITERAL_CONVERSION = YES;
				CLANG_WARN_OBJC_ROOT_CLASS = YES_ERROR;
				CLANG_WARN_QUOTED_INCLUDE_IN_FRAMEWORK_HEADER = YES;
				CLANG_WARN_RANGE_LOOP_ANALYSIS = YES;
				CLANG_WARN_STRICT_PROTOTYPES = YES;
				CLANG_WARN_SUSPICIOUS_MOVE = YES;
				CLANG_WARN_UNGUARDED_AVAILABILITY = YES_AGGRESSIVE;
				CLANG_WARN_UNREACHABLE_CODE = YES;
				CLANG_WARN__DUPLICATE_METHOD_MATCH = YES;
				COPY_PHASE_STRIP = NO;
				DEBUG_INFORMATION_FORMAT = "dwarf-with-dsym";
				ENABLE_NS_ASSERTIONS = NO;
				ENABLE_STRICT_OBJC_MSGSEND = YES;
				ENABLE_USER_SCRIPT_SANDBOXING = YES;
				GCC_C_LANGUAGE_STANDARD = gnu17;
				GCC_NO_COMMON_BLOCKS = YES;
				GCC_WARN_64_TO_32_BIT_CONVERSION = YES;
				GCC_WARN_ABOUT_RETURN_TYPE = YES_ERROR;
				GCC_WARN_UNDECLARED_SELECTOR = YES;
				GCC_WARN_UNINITIALIZED_AUTOS = YES_AGGRESSIVE;
				GCC_WARN_UNUSED_FUNCTION = YES;
				GCC_WARN_UNUSED_VARIABLE = YES;
				LOCALIZATION_PREFERS_STRING_CATALOGS = YES;
				MTL_ENABLE_DEBUG_INFO = NO;
				MTL_FAST_MATH = YES;
				SWIFT_COMPILATION_MODE = wholemodule;
			};
			name = Release;
		};
		4FAF60682DB1918A003DE932 /* Debug */ = {
			isa = XCBuildConfiguration;
			buildSettings = {
				ASSETCATALOG_COMPILER_APPICON_NAME = AppIcon;
				ASSETCATALOG_COMPILER_GLOBAL_ACCENT_COLOR_NAME = AccentColor;
				CODE_SIGN_ENTITLEMENTS = "Campus Dining App/Campus_Dining_App.entitlements";
				CODE_SIGN_STYLE = Automatic;
				CURRENT_PROJECT_VERSION = 1;
				DEVELOPMENT_ASSET_PATHS = "\"Campus Dining App/Preview Content\"";
				DEVELOPMENT_TEAM = D8YPRMZ2K5;
				ENABLE_HARDENED_RUNTIME = YES;
				ENABLE_PREVIEWS = YES;
				GENERATE_INFOPLIST_FILE = YES;
				"INFOPLIST_KEY_UIApplicationSceneManifest_Generation[sdk=iphoneos*]" = YES;
				"INFOPLIST_KEY_UIApplicationSceneManifest_Generation[sdk=iphonesimulator*]" = YES;
				"INFOPLIST_KEY_UIApplicationSupportsIndirectInputEvents[sdk=iphoneos*]" = YES;
				"INFOPLIST_KEY_UIApplicationSupportsIndirectInputEvents[sdk=iphonesimulator*]" = YES;
				"INFOPLIST_KEY_UILaunchScreen_Generation[sdk=iphoneos*]" = YES;
				"INFOPLIST_KEY_UILaunchScreen_Generation[sdk=iphonesimulator*]" = YES;
				INFOPLIST_KEY_UIStatusBarStyle = "";
				"INFOPLIST_KEY_UIStatusBarStyle[sdk=iphoneos*]" = UIStatusBarStyleDefault;
				"INFOPLIST_KEY_UIStatusBarStyle[sdk=iphonesimulator*]" = UIStatusBarStyleDefault;
				INFOPLIST_KEY_UISupportedInterfaceOrientations_iPad = "UIInterfaceOrientationPortrait UIInterfaceOrientationPortraitUpsideDown UIInterfaceOrientationLandscapeLeft UIInterfaceOrientationLandscapeRight";
				INFOPLIST_KEY_UISupportedInterfaceOrientations_iPhone = "UIInterfaceOrientationPortrait UIInterfaceOrientationLandscapeLeft UIInterfaceOrientationLandscapeRight";
				IPHONEOS_DEPLOYMENT_TARGET = 18.2;
				LD_RUNPATH_SEARCH_PATHS = "@executable_path/Frameworks";
				"LD_RUNPATH_SEARCH_PATHS[sdk=macosx*]" = "@executable_path/../Frameworks";
				MACOSX_DEPLOYMENT_TARGET = 15.2;
				MARKETING_VERSION = 1.0;
				PRODUCT_BUNDLE_IDENTIFIER = com.vikasmeneni.CampusDiningApp;
				PRODUCT_NAME = "$(TARGET_NAME)";
				SDKROOT = auto;
				SUPPORTED_PLATFORMS = "iphoneos iphonesimulator macosx xros xrsimulator";
				SWIFT_EMIT_LOC_STRINGS = YES;
				SWIFT_VERSION = 5.0;
				TARGETED_DEVICE_FAMILY = "1,2,7";
				XROS_DEPLOYMENT_TARGET = 2.2;
			};
			name = Debug;
		};
		4FAF60692DB1918A003DE932 /* Release */ = {
			isa = XCBuildConfiguration;
			buildSettings = {
				ASSETCATALOG_COMPILER_APPICON_NAME = AppIcon;
				ASSETCATALOG_COMPILER_GLOBAL_ACCENT_COLOR_NAME = AccentColor;
				CODE_SIGN_ENTITLEMENTS = "Campus Dining App/Campus_Dining_App.entitlements";
				CODE_SIGN_STYLE = Automatic;
				CURRENT_PROJECT_VERSION = 1;
				DEVELOPMENT_ASSET_PATHS = "\"Campus Dining App/Preview Content\"";
				DEVELOPMENT_TEAM = D8YPRMZ2K5;
				ENABLE_HARDENED_RUNTIME = YES;
				ENABLE_PREVIEWS = YES;
				GENERATE_INFOPLIST_FILE = YES;
				"INFOPLIST_KEY_UIApplicationSceneManifest_Generation[sdk=iphoneos*]" = YES;
				"INFOPLIST_KEY_UIApplicationSceneManifest_Generation[sdk=iphonesimulator*]" = YES;
				"INFOPLIST_KEY_UIApplicationSupportsIndirectInputEvents[sdk=iphoneos*]" = YES;
				"INFOPLIST_KEY_UIApplicationSupportsIndirectInputEvents[sdk=iphonesimulator*]" = YES;
				"INFOPLIST_KEY_UILaunchScreen_Generation[sdk=iphoneos*]" = YES;
				"INFOPLIST_KEY_UILaunchScreen_Generation[sdk=iphonesimulator*]" = YES;
				INFOPLIST_KEY_UIStatusBarStyle = "";
				"INFOPLIST_KEY_UIStatusBarStyle[sdk=iphoneos*]" = UIStatusBarStyleDefault;
				"INFOPLIST_KEY_UIStatusBarStyle[sdk=iphonesimulator*]" = UIStatusBarStyleDefault;
				INFOPLIST_KEY_UISupportedInterfaceOrientations_iPad = "UIInterfaceOrientationPortrait UIInterfaceOrientationPortraitUpsideDown UIInterfaceOrientationLandscapeLeft UIInterfaceOrientationLandscapeRight";
				INFOPLIST_KEY_UISupportedInterfaceOrientations_iPhone = "UIInterfaceOrientationPortrait UIInterfaceOrientationLandscapeLeft UIInterfaceOrientationLandscapeRight";
				IPHONEOS_DEPLOYMENT_TARGET = 18.2;
				LD_RUNPATH_SEARCH_PATHS = "@executable_path/Frameworks";
				"LD_RUNPATH_SEARCH_PATHS[sdk=macosx*]" = "@executable_path/../Frameworks";
				MACOSX_DEPLOYMENT_TARGET = 15.2;
				MARKETING_VERSION = 1.0;
				PRODUCT_BUNDLE_IDENTIFIER = com.vikasmeneni.CampusDiningApp;
				PRODUCT_NAME = "$(TARGET_NAME)";
				SDKROOT = auto;
				SUPPORTED_PLATFORMS = "iphoneos iphonesimulator macosx xros xrsimulator";
				SWIFT_EMIT_LOC_STRINGS = YES;
				SWIFT_VERSION = 5.0;
				TARGETED_DEVICE_FAMILY = "1,2,7";
				XROS_DEPLOYMENT_TARGET = 2.2;
			};
			name = Release;
		};
		4FAF606B2DB1918A003DE932 /* Debug */ = {
			isa = XCBuildConfiguration;
			buildSettings = {
				BUNDLE_LOADER = "$(TEST_HOST)";
				CODE_SIGN_STYLE = Automatic;
				CURRENT_PROJECT_VERSION = 1;
				DEVELOPMENT_TEAM = D8YPRMZ2K5;
				GENERATE_INFOPLIST_FILE = YES;
				IPHONEOS_DEPLOYMENT_TARGET = 18.2;
				MACOSX_DEPLOYMENT_TARGET = 15.2;
				MARKETING_VERSION = 1.0;
				PRODUCT_BUNDLE_IDENTIFIER = "edu.northeastern.Campus-Dining-AppTests";
				PRODUCT_NAME = "$(TARGET_NAME)";
				SDKROOT = auto;
				SUPPORTED_PLATFORMS = "iphoneos iphonesimulator macosx xros xrsimulator";
				SWIFT_EMIT_LOC_STRINGS = NO;
				SWIFT_VERSION = 5.0;
				TARGETED_DEVICE_FAMILY = "1,2,7";
				TEST_HOST = "$(BUILT_PRODUCTS_DIR)/Campus Dining App.app/$(BUNDLE_EXECUTABLE_FOLDER_PATH)/Campus Dining App";
				XROS_DEPLOYMENT_TARGET = 2.2;
			};
			name = Debug;
		};
		4FAF606C2DB1918A003DE932 /* Release */ = {
			isa = XCBuildConfiguration;
			buildSettings = {
				BUNDLE_LOADER = "$(TEST_HOST)";
				CODE_SIGN_STYLE = Automatic;
				CURRENT_PROJECT_VERSION = 1;
				DEVELOPMENT_TEAM = D8YPRMZ2K5;
				GENERATE_INFOPLIST_FILE = YES;
				IPHONEOS_DEPLOYMENT_TARGET = 18.2;
				MACOSX_DEPLOYMENT_TARGET = 15.2;
				MARKETING_VERSION = 1.0;
				PRODUCT_BUNDLE_IDENTIFIER = "edu.northeastern.Campus-Dining-AppTests";
				PRODUCT_NAME = "$(TARGET_NAME)";
				SDKROOT = auto;
				SUPPORTED_PLATFORMS = "iphoneos iphonesimulator macosx xros xrsimulator";
				SWIFT_EMIT_LOC_STRINGS = NO;
				SWIFT_VERSION = 5.0;
				TARGETED_DEVICE_FAMILY = "1,2,7";
				TEST_HOST = "$(BUILT_PRODUCTS_DIR)/Campus Dining App.app/$(BUNDLE_EXECUTABLE_FOLDER_PATH)/Campus Dining App";
				XROS_DEPLOYMENT_TARGET = 2.2;
			};
			name = Release;
		};
		4FAF606E2DB1918A003DE932 /* Debug */ = {
			isa = XCBuildConfiguration;
			buildSettings = {
				CODE_SIGN_STYLE = Automatic;
				CURRENT_PROJECT_VERSION = 1;
				DEVELOPMENT_TEAM = D8YPRMZ2K5;
				GENERATE_INFOPLIST_FILE = YES;
				IPHONEOS_DEPLOYMENT_TARGET = 18.2;
				MACOSX_DEPLOYMENT_TARGET = 15.2;
				MARKETING_VERSION = 1.0;
				PRODUCT_BUNDLE_IDENTIFIER = "edu.northeastern.Campus-Dining-AppUITests";
				PRODUCT_NAME = "$(TARGET_NAME)";
				SDKROOT = auto;
				SUPPORTED_PLATFORMS = "iphoneos iphonesimulator macosx xros xrsimulator";
				SWIFT_EMIT_LOC_STRINGS = NO;
				SWIFT_VERSION = 5.0;
				TARGETED_DEVICE_FAMILY = "1,2,7";
				TEST_TARGET_NAME = "Campus Dining App";
				XROS_DEPLOYMENT_TARGET = 2.2;
			};
			name = Debug;
		};
		4FAF606F2DB1918A003DE932 /* Release */ = {
			isa = XCBuildConfiguration;
			buildSettings = {
				CODE_SIGN_STYLE = Automatic;
				CURRENT_PROJECT_VERSION = 1;
				DEVELOPMENT_TEAM = D8YPRMZ2K5;
				GENERATE_INFOPLIST_FILE = YES;
				IPHONEOS_DEPLOYMENT_TARGET = 18.2;
				MACOSX_DEPLOYMENT_TARGET = 15.2;
				MARKETING_VERSION = 1.0;
				PRODUCT_BUNDLE_IDENTIFIER = "edu.northeastern.Campus-Dining-AppUITests";
				PRODUCT_NAME = "$(TARGET_NAME)";
				SDKROOT = auto;
				SUPPORTED_PLATFORMS = "iphoneos iphonesimulator macosx xros xrsimulator";
				SWIFT_EMIT_LOC_STRINGS = NO;
				SWIFT_VERSION = 5.0;
				TARGETED_DEVICE_FAMILY = "1,2,7";
				TEST_TARGET_NAME = "Campus Dining App";
				XROS_DEPLOYMENT_TARGET = 2.2;
			};
			name = Release;
		};
/* End XCBuildConfiguration section */

/* Begin XCConfigurationList section */
		4FAF603D2DB19187003DE932 /* Build configuration list for PBXProject "Campus Dining App" */ = {
			isa = XCConfigurationList;
			buildConfigurations = (
				4FAF60652DB1918A003DE932 /* Debug */,
				4FAF60662DB1918A003DE932 /* Release */,
			);
			defaultConfigurationIsVisible = 0;
			defaultConfigurationName = Release;
		};
		4FAF60672DB1918A003DE932 /* Build configuration list for PBXNativeTarget "Campus Dining App" */ = {
			isa = XCConfigurationList;
			buildConfigurations = (
				4FAF60682DB1918A003DE932 /* Debug */,
				4FAF60692DB1918A003DE932 /* Release */,
			);
			defaultConfigurationIsVisible = 0;
			defaultConfigurationName = Release;
		};
		4FAF606A2DB1918A003DE932 /* Build configuration list for PBXNativeTarget "Campus Dining AppTests" */ = {
			isa = XCConfigurationList;
			buildConfigurations = (
				4FAF606B2DB1918A003DE932 /* Debug */,
				4FAF606C2DB1918A003DE932 /* Release */,
			);
			defaultConfigurationIsVisible = 0;
			defaultConfigurationName = Release;
		};
		4FAF606D2DB1918A003DE932 /* Build configuration list for PBXNativeTarget "Campus Dining AppUITests" */ = {
			isa = XCConfigurationList;
			buildConfigurations = (
				4FAF606E2DB1918A003DE932 /* Debug */,
				4FAF606F2DB1918A003DE932 /* Release */,
			);
			defaultConfigurationIsVisible = 0;
			defaultConfigurationName = Release;
		};
/* End XCConfigurationList section */

/* Begin XCRemoteSwiftPackageReference section */
		4FAF60702DB191EB003DE932 /* XCRemoteSwiftPackageReference "firebase-ios-sdk" */ = {
			isa = XCRemoteSwiftPackageReference;
			repositoryURL = "https://github.com/firebase/firebase-ios-sdk.git";
			requirement = {
				kind = upToNextMajorVersion;
				minimumVersion = 11.11.0;
			};
		};
/* End XCRemoteSwiftPackageReference section */

/* Begin XCSwiftPackageProductDependency section */
		4FAF60712DB191EB003DE932 /* FirebaseAuth */ = {
			isa = XCSwiftPackageProductDependency;
			package = 4FAF60702DB191EB003DE932 /* XCRemoteSwiftPackageReference "firebase-ios-sdk" */;
			productName = FirebaseAuth;
		};
		4FAF60732DB191EB003DE932 /* FirebaseFirestore */ = {
			isa = XCSwiftPackageProductDependency;
			package = 4FAF60702DB191EB003DE932 /* XCRemoteSwiftPackageReference "firebase-ios-sdk" */;
			productName = FirebaseFirestore;
		};
		4FAF60752DB191EB003DE932 /* FirebaseStorage */ = {
			isa = XCSwiftPackageProductDependency;
			package = 4FAF60702DB191EB003DE932 /* XCRemoteSwiftPackageReference "firebase-ios-sdk" */;
			productName = FirebaseStorage;
		};
/* End XCSwiftPackageProductDependency section */
	};
	rootObject = 4FAF603A2DB19187003DE932 /* Project object */;
}
